
Microsoft Visual Studio Solution File, Format Version 12.00
# Visual Studio 14
VisualStudioVersion = 14.0.25420.1
MinimumVisualStudioVersion = 10.0.40219.1
Project("{FAE04EC0-301F-11D3-BF4B-00C04F79EFBC}") = "ConsoleApplication", "ConsoleApplication\ConsoleApplication.csproj", "{BB5FC4D1-008F-4181-99AA-7EE6D0427143}"
EndProject
Project("{FAE04EC0-301F-11D3-BF4B-00C04F79EFBC}") = "ClassLibrary", "ClassLibrary\ClassLibrary.csproj", "{293AD174-1538-4FC5-95FD-25B37AC3AC26}"
EndProject
Global
	GlobalSection(SolutionConfigurationPlatforms) = preSolution
		Debug|Any CPU = Debug|Any CPU
		Release|Any CPU = Release|Any CPU
	EndGlobalSection
	GlobalSection(ProjectConfigurationPlatforms) = postSolution
		{BB5FC4D1-008F-4181-99AA-7EE6D0427143}.Debug|Any CPU.ActiveCfg = Debug|Any CPU
		{BB5FC4D1-008F-4181-99AA-7EE6D0427143}.Debug|Any CPU.Build.0 = Debug|Any CPU
		{BB5FC4D1-008F-4181-99AA-7EE6D0427143}.Release|Any CPU.ActiveCfg = Release|Any CPU
		{BB5FC4D1-008F-4181-99AA-7EE6D0427143}.Release|Any CPU.Build.0 = Release|Any CPU
		{293AD174-1538-4FC5-95FD-25B37AC3AC26}.Debug|Any CPU.ActiveCfg = Debug|Any CPU
		{293AD174-1538-4FC5-95FD-25B37AC3AC26}.Debug|Any CPU.Build.0 = Debug|Any CPU
		{293AD174-1538-4FC5-95FD-25B37AC3AC26}.Release|Any CPU.ActiveCfg = Release|Any CPU
		{293AD174-1538-4FC5-95FD-25B37AC3AC26}.Release|Any CPU.Build.0 = Release|Any CPU
	EndGlobalSection
	GlobalSection(SolutionProperties) = preSolution
		HideSolutionNode = FALSE
	EndGlobalSection
EndGlobal
