
Microsoft Visual Studio Solution File, Format Version 12.00
# Visual Studio 14
VisualStudioVersion = 14.0.25420.1
MinimumVisualStudioVersion = 10.0.40219.1
Project("{FAE04EC0-301F-11D3-BF4B-00C04F79EFBC}") = "WindowsServiceForeTask", "WindowsServiceForeTask\WindowsServiceForeTask.csproj", "{24B8323B-5FC7-4C10-8707-1453AB5D348F}"
EndProject
Project("{FAE04EC0-301F-11D3-BF4B-00C04F79EFBC}") = "ConsoleApp", "ConsoleApp\ConsoleApp.csproj", "{22F1019A-B8A9-4D78-B06A-80274966B80B}"
EndProject
Global
	GlobalSection(SolutionConfigurationPlatforms) = preSolution
		Debug|Any CPU = Debug|Any CPU
		Release|Any CPU = Release|Any CPU
	EndGlobalSection
	GlobalSection(ProjectConfigurationPlatforms) = postSolution
		{24B8323B-5FC7-4C10-8707-1453AB5D348F}.Debug|Any CPU.ActiveCfg = Debug|Any CPU
		{24B8323B-5FC7-4C10-8707-1453AB5D348F}.Debug|Any CPU.Build.0 = Debug|Any CPU
		{24B8323B-5FC7-4C10-8707-1453AB5D348F}.Release|Any CPU.ActiveCfg = Release|Any CPU
		{24B8323B-5FC7-4C10-8707-1453AB5D348F}.Release|Any CPU.Build.0 = Release|Any CPU
		{22F1019A-B8A9-4D78-B06A-80274966B80B}.Debug|Any CPU.ActiveCfg = Debug|Any CPU
		{22F1019A-B8A9-4D78-B06A-80274966B80B}.Debug|Any CPU.Build.0 = Debug|Any CPU
		{22F1019A-B8A9-4D78-B06A-80274966B80B}.Release|Any CPU.ActiveCfg = Release|Any CPU
		{22F1019A-B8A9-4D78-B06A-80274966B80B}.Release|Any CPU.Build.0 = Release|Any CPU
	EndGlobalSection
	GlobalSection(SolutionProperties) = preSolution
		HideSolutionNode = FALSE
	EndGlobalSection
EndGlobal
